// !$*UTF8*$!
{
	archiveVersion = 1;
	classes = {
	};
	objectVersion = 46;
	objects = {

/* Begin PBXBuildFile section */
		D212108B183FED6600A2F349 /* marquee-4.png in Resources */ = {isa = PBXBuildFile; fileRef = D212108A183FED6600A2F349 /* marquee-4.png */; };
		D21210A1183FEDB900A2F349 /* 2xDefault.png in Resources */ = {isa = PBXBuildFile; fileRef = D2121090183FEDB900A2F349 /* 2xDefault.png */; };
		D21210A2183FEDB900A2F349 /* R4Default.png in Resources */ = {isa = PBXBuildFile; fileRef = D2121091183FEDB900A2F349 /* R4Default.png */; };
		D21210A3183FEDB900A2F349 /* ssc-app-design-oj.png in Resources */ = {isa = PBXBuildFile; fileRef = D2121092183FEDB900A2F349 /* ssc-app-design-oj.png */; };
		D21210A7183FEDB900A2F349 /* ssc-app-design_nobg.png in Resources */ = {isa = PBXBuildFile; fileRef = D2121096183FEDB900A2F349 /* ssc-app-design_nobg.png */; };
		D21210A8183FEDB900A2F349 /* ssc-app-design@2x-76x76.png in Resources */ = {isa = PBXBuildFile; fileRef = D2121097183FEDB900A2F349 /* ssc-app-design@2x-76x76.png */; };
		D21210A9183FEDB900A2F349 /* ssc-app-design@2x-152x152.png in Resources */ = {isa = PBXBuildFile; fileRef = D2121098183FEDB900A2F349 /* ssc-app-design@2x-152x152.png */; };
		D21210AA183FEDB900A2F349 /* ssc-app-design@2x-120x120.png in Resources */ = {isa = PBXBuildFile; fileRef = D2121099183FEDB900A2F349 /* ssc-app-design@2x-120x120.png */; };
		D21210AB183FEDB900A2F349 /* ssc-app-design.png in Resources */ = {isa = PBXBuildFile; fileRef = D212109A183FEDB900A2F349 /* ssc-app-design.png */; };
		D21210AC183FEDB900A2F349 /* ssc_logo_old.png in Resources */ = {isa = PBXBuildFile; fileRef = D212109B183FEDB900A2F349 /* ssc_logo_old.png */; };
		D21210AD183FEDB900A2F349 /* Default@2x-120x120.png in Resources */ = {isa = PBXBuildFile; fileRef = D212109C183FEDB900A2F349 /* Default@2x-120x120.png */; };
		D21210AE183FEDB900A2F349 /* login_but.png in Resources */ = {isa = PBXBuildFile; fileRef = D212109D183FEDB900A2F349 /* login_but.png */; };
		D21210AF183FEDB900A2F349 /* twitter-icon.png in Resources */ = {isa = PBXBuildFile; fileRef = D212109E183FEDB900A2F349 /* twitter-icon.png */; };
		D21210B0183FEDB900A2F349 /* facebook-icon.png in Resources */ = {isa = PBXBuildFile; fileRef = D212109F183FEDB900A2F349 /* facebook-icon.png */; };
		D21210B1183FEDB900A2F349 /* Default@2x.png in Resources */ = {isa = PBXBuildFile; fileRef = D21210A0183FEDB900A2F349 /* Default@2x.png */; };
		D21210B8183FEE3000A2F349 /* BannerEvents.m in Sources */ = {isa = PBXBuildFile; fileRef = D21210B3183FEE3000A2F349 /* BannerEvents.m */; };
		D21210B9183FEE3000A2F349 /* SSCNewsFeeds.m in Sources */ = {isa = PBXBuildFile; fileRef = D21210B5183FEE3000A2F349 /* SSCNewsFeeds.m */; };
		D21210E2183FEE7A00A2F349 /* SSC-SBTableViewController.m in Sources */ = {isa = PBXBuildFile; fileRef = D21210E1183FEE7A00A2F349 /* SSC-SBTableViewController.m */; };
		D21210EA183FEEAE00A2F349 /* NewsFeedSettingsViewController.m in Sources */ = {isa = PBXBuildFile; fileRef = D21210E4183FEEAE00A2F349 /* NewsFeedSettingsViewController.m */; };
		D21210ED183FEEAE00A2F349 /* NewsFeedTableViewController.m in Sources */ = {isa = PBXBuildFile; fileRef = D21210E9183FEEAE00A2F349 /* NewsFeedTableViewController.m */; };
		D21210F2183FEEC700A2F349 /* menu-gear.png in Resources */ = {isa = PBXBuildFile; fileRef = D21210EE183FEEC700A2F349 /* menu-gear.png */; };
		D21210F3183FEEC700A2F349 /* menu-gear@2x.png in Resources */ = {isa = PBXBuildFile; fileRef = D21210EF183FEEC700A2F349 /* menu-gear@2x.png */; };
		D21210F4183FEEC700A2F349 /* menu.png in Resources */ = {isa = PBXBuildFile; fileRef = D21210F0183FEEC700A2F349 /* menu.png */; };
		D21210F5183FEEC700A2F349 /* menu@2x.png in Resources */ = {isa = PBXBuildFile; fileRef = D21210F1183FEEC700A2F349 /* menu@2x.png */; };
		D21210FE183FEEE200A2F349 /* CalendarTableViewController.m in Sources */ = {isa = PBXBuildFile; fileRef = D21210FB183FEEE200A2F349 /* CalendarTableViewController.m */; };
		D2121119183FEF1100A2F349 /* NSDateFormatter+STTwitter.m in Sources */ = {isa = PBXBuildFile; fileRef = D2121101183FEF1100A2F349 /* NSDateFormatter+STTwitter.m */; };
		D212111A183FEF1100A2F349 /* NSString+STTwitter.m in Sources */ = {isa = PBXBuildFile; fileRef = D2121103183FEF1100A2F349 /* NSString+STTwitter.m */; };
		D212111B183FEF1100A2F349 /* STHTTPRequest+STTwitter.m in Sources */ = {isa = PBXBuildFile; fileRef = D2121105183FEF1100A2F349 /* STHTTPRequest+STTwitter.m */; };
		D212111C183FEF1100A2F349 /* STTwitterAPI.m in Sources */ = {isa = PBXBuildFile; fileRef = D2121108183FEF1100A2F349 /* STTwitterAPI.m */; };
		D212111D183FEF1100A2F349 /* STTwitterAppOnly.m in Sources */ = {isa = PBXBuildFile; fileRef = D212110A183FEF1100A2F349 /* STTwitterAppOnly.m */; };
		D212111E183FEF1100A2F349 /* STTwitterHTML.m in Sources */ = {isa = PBXBuildFile; fileRef = D212110C183FEF1100A2F349 /* STTwitterHTML.m */; };
		D212111F183FEF1100A2F349 /* STTwitterOAuth.m in Sources */ = {isa = PBXBuildFile; fileRef = D212110E183FEF1100A2F349 /* STTwitterOAuth.m */; };
		D2121120183FEF1100A2F349 /* STTwitterOS.m in Sources */ = {isa = PBXBuildFile; fileRef = D2121110183FEF1100A2F349 /* STTwitterOS.m */; };
		D2121121183FEF1100A2F349 /* BAVPlistNode.m in Sources */ = {isa = PBXBuildFile; fileRef = D2121114183FEF1100A2F349 /* BAVPlistNode.m */; };
		D2121122183FEF1100A2F349 /* JSONSyntaxHighlight.m in Sources */ = {isa = PBXBuildFile; fileRef = D2121116183FEF1100A2F349 /* JSONSyntaxHighlight.m */; };
		D2121123183FEF1100A2F349 /* STHTTPRequest.m in Sources */ = {isa = PBXBuildFile; fileRef = D2121118183FEF1100A2F349 /* STHTTPRequest.m */; };
		D2121126183FEF3B00A2F349 /* SWRevealViewController.m in Sources */ = {isa = PBXBuildFile; fileRef = D2121125183FEF3B00A2F349 /* SWRevealViewController.m */; };
		D212112B183FEF6F00A2F349 /* main.m in Sources */ = {isa = PBXBuildFile; fileRef = D212112A183FEF6F00A2F349 /* main.m */; };
		D252CE9318467C9500F29DAC /* home_bg_solid.png in Resources */ = {isa = PBXBuildFile; fileRef = D252CE9218467C9500F29DAC /* home_bg_solid.png */; };
		D252CE961847A69F00F29DAC /* AboutViewController.m in Sources */ = {isa = PBXBuildFile; fileRef = D252CE951847A69F00F29DAC /* AboutViewController.m */; };
		D2542017183D8D83001BA3E1 /* FacebookSDK.framework in Frameworks */ = {isa = PBXBuildFile; fileRef = D2542016183D8D83001BA3E1 /* FacebookSDK.framework */; };
		D2667050184AEB8200E8DDC9 /* EventsViewController.m in Sources */ = {isa = PBXBuildFile; fileRef = D266704F184AEB8200E8DDC9 /* EventsViewController.m */; };
		D2667053184BDE4100E8DDC9 /* MembershipViewController.m in Sources */ = {isa = PBXBuildFile; fileRef = D2667052184BDE4100E8DDC9 /* MembershipViewController.m */; };
		D273FCF11844166F00C04977 /* HomeViewController.m in Sources */ = {isa = PBXBuildFile; fileRef = D273FCF01844166F00C04977 /* HomeViewController.m */; };
		D273FCF318441AC600C04977 /* SHIM-SHAM.jpg in Resources */ = {isa = PBXBuildFile; fileRef = D273FCF218441AC600C04977 /* SHIM-SHAM.jpg */; };
		D273FCFC18441FAF00C04977 /* home_bg.png in Resources */ = {isa = PBXBuildFile; fileRef = D273FCFB18441FAF00C04977 /* home_bg.png */; };
		D273FD001844296F00C04977 /* bg_test.png in Resources */ = {isa = PBXBuildFile; fileRef = D273FCFF1844296F00C04977 /* bg_test.png */; };
		D27C29D81842920D000BD68B /* NewsFeedDetailViewController.m in Sources */ = {isa = PBXBuildFile; fileRef = D27C29D71842920D000BD68B /* NewsFeedDetailViewController.m */; };
		D293E9B9183B160000D3D9EA /* libTestFlight.a in Frameworks */ = {isa = PBXBuildFile; fileRef = D293E9B5183B160000D3D9EA /* libTestFlight.a */; };
		D293E9BC183B16DB00D3D9EA /* libz.dylib in Frameworks */ = {isa = PBXBuildFile; fileRef = D293E9BB183B16DB00D3D9EA /* libz.dylib */; };
		D295D5DF1840CAFB00D796C5 /* NewsFeedFooterView.m in Sources */ = {isa = PBXBuildFile; fileRef = D295D5DA1840CAFB00D796C5 /* NewsFeedFooterView.m */; };
		D295D5E01840CAFB00D796C5 /* NewsFeedFooterView.xib in Resources */ = {isa = PBXBuildFile; fileRef = D295D5DB1840CAFB00D796C5 /* NewsFeedFooterView.xib */; };
		D295D5E11840CAFB00D796C5 /* NewsFeedHeaderView.m in Sources */ = {isa = PBXBuildFile; fileRef = D295D5DD1840CAFB00D796C5 /* NewsFeedHeaderView.m */; };
		D295D5E21840CAFB00D796C5 /* NewsFeedHeaderView.xib in Resources */ = {isa = PBXBuildFile; fileRef = D295D5DE1840CAFB00D796C5 /* NewsFeedHeaderView.xib */; };
		D295D5E41840D3AF00D796C5 /* NewsFeedImageSliderView.xib in Resources */ = {isa = PBXBuildFile; fileRef = D295D5E31840D3AF00D796C5 /* NewsFeedImageSliderView.xib */; };
		D295D5E61840DA6600D796C5 /* NewsFeedEmptyCell.xib in Resources */ = {isa = PBXBuildFile; fileRef = D295D5E51840DA6600D796C5 /* NewsFeedEmptyCell.xib */; };
		D296A6561839894600D35795 /* MasterNavViewController.m in Sources */ = {isa = PBXBuildFile; fileRef = D296A6551839894600D35795 /* MasterNavViewController.m */; };
		D296A65C183994DA00D35795 /* Storyboard.storyboard in Resources */ = {isa = PBXBuildFile; fileRef = D296A65B183994DA00D35795 /* Storyboard.storyboard */; };
		D29EF7771838B3540087B04F /* Foundation.framework in Frameworks */ = {isa = PBXBuildFile; fileRef = D29EF7761838B3540087B04F /* Foundation.framework */; };
		D29EF7791838B3540087B04F /* CoreGraphics.framework in Frameworks */ = {isa = PBXBuildFile; fileRef = D29EF7781838B3540087B04F /* CoreGraphics.framework */; };
		D29EF77B1838B3540087B04F /* UIKit.framework in Frameworks */ = {isa = PBXBuildFile; fileRef = D29EF77A1838B3540087B04F /* UIKit.framework */; };
		D29EF7871838B3540087B04F /* SSCAppDelegate.m in Sources */ = {isa = PBXBuildFile; fileRef = D29EF7861838B3540087B04F /* SSCAppDelegate.m */; };
		D29EF7891838B3540087B04F /* Images.xcassets in Resources */ = {isa = PBXBuildFile; fileRef = D29EF7881838B3540087B04F /* Images.xcassets */; };
		D29EF7901838B3540087B04F /* XCTest.framework in Frameworks */ = {isa = PBXBuildFile; fileRef = D29EF78F1838B3540087B04F /* XCTest.framework */; };
		D29EF7911838B3540087B04F /* Foundation.framework in Frameworks */ = {isa = PBXBuildFile; fileRef = D29EF7761838B3540087B04F /* Foundation.framework */; };
		D29EF7921838B3540087B04F /* UIKit.framework in Frameworks */ = {isa = PBXBuildFile; fileRef = D29EF77A1838B3540087B04F /* UIKit.framework */; };
		D29EF79A1838B3540087B04F /* InfoPlist.strings in Resources */ = {isa = PBXBuildFile; fileRef = D29EF7981838B3540087B04F /* InfoPlist.strings */; };
		D29EF79C1838B3540087B04F /* Savoy_SwingTests.m in Sources */ = {isa = PBXBuildFile; fileRef = D29EF79B1838B3540087B04F /* Savoy_SwingTests.m */; };
		D29EF7A71838B3780087B04F /* LoginViewController.m in Sources */ = {isa = PBXBuildFile; fileRef = D29EF7A61838B3780087B04F /* LoginViewController.m */; };
		D2CCB7931858F4AE005DDF0E /* ssc_card_med_active.tif in Resources */ = {isa = PBXBuildFile; fileRef = D2CCB7911858F4AE005DDF0E /* ssc_card_med_active.tif */; };
		D2CCB7941858F4AE005DDF0E /* ssc_card_med_inactive.tif in Resources */ = {isa = PBXBuildFile; fileRef = D2CCB7921858F4AE005DDF0E /* ssc_card_med_inactive.tif */; };
		D2D21056183ADF6C0041B301 /* banner_sav_mon_.jpg in Resources */ = {isa = PBXBuildFile; fileRef = D2D21054183ADF6C0041B301 /* banner_sav_mon_.jpg */; };
		D2D21059183AE1070041B301 /* blues_underground.jpg in Resources */ = {isa = PBXBuildFile; fileRef = D2D21058183AE1070041B301 /* blues_underground.jpg */; };
		D2D86610183ABBA9002B2575 /* AccountTableViewController.m in Sources */ = {isa = PBXBuildFile; fileRef = D2D8660F183ABBA9002B2575 /* AccountTableViewController.m */; };
		D2E4814A1852B966008D19B8 /* STableViewController.m in Sources */ = {isa = PBXBuildFile; fileRef = D2E481491852B966008D19B8 /* STableViewController.m */; };
		D2E48190185306EB008D19B8 /* InitialViewController.m in Sources */ = {isa = PBXBuildFile; fileRef = D2E4818F185306EB008D19B8 /* InitialViewController.m */; };
		D2E481931857BBC2008D19B8 /* NewsFeedCell.m in Sources */ = {isa = PBXBuildFile; fileRef = D2E481921857BBC2008D19B8 /* NewsFeedCell.m */; };
		D2EB39CD1843521E0067214D /* SSCData.m in Sources */ = {isa = PBXBuildFile; fileRef = D2EB39CC1843521E0067214D /* SSCData.m */; };
/* End PBXBuildFile section */

/* Begin PBXContainerItemProxy section */
		D29EF7931838B3540087B04F /* PBXContainerItemProxy */ = {
			isa = PBXContainerItemProxy;
			containerPortal = D29EF76B1838B3540087B04F /* Project object */;
			proxyType = 1;
			remoteGlobalIDString = D29EF7721838B3540087B04F;
			remoteInfo = "Savoy Swing";
		};
/* End PBXContainerItemProxy section */

/* Begin PBXFileReference section */
		D212108A183FED6600A2F349 /* marquee-4.png */ = {isa = PBXFileReference; lastKnownFileType = image.png; name = "marquee-4.png"; path = "Images/marquee-4.png"; sourceTree = "<group>"; };
		D2121090183FEDB900A2F349 /* 2xDefault.png */ = {isa = PBXFileReference; lastKnownFileType = image.png; name = 2xDefault.png; path = Images/2xDefault.png; sourceTree = "<group>"; };
		D2121091183FEDB900A2F349 /* R4Default.png */ = {isa = PBXFileReference; lastKnownFileType = image.png; name = R4Default.png; path = Images/R4Default.png; sourceTree = "<group>"; };
		D2121092183FEDB900A2F349 /* ssc-app-design-oj.png */ = {isa = PBXFileReference; lastKnownFileType = image.png; name = "ssc-app-design-oj.png"; path = "Images/ssc-app-design-oj.png"; sourceTree = "<group>"; };
		D2121096183FEDB900A2F349 /* ssc-app-design_nobg.png */ = {isa = PBXFileReference; lastKnownFileType = image.png; name = "ssc-app-design_nobg.png"; path = "Images/ssc-app-design_nobg.png"; sourceTree = "<group>"; };
		D2121097183FEDB900A2F349 /* ssc-app-design@2x-76x76.png */ = {isa = PBXFileReference; lastKnownFileType = image.png; name = "ssc-app-design@2x-76x76.png"; path = "Images/ssc-app-design@2x-76x76.png"; sourceTree = "<group>"; };
		D2121098183FEDB900A2F349 /* ssc-app-design@2x-152x152.png */ = {isa = PBXFileReference; lastKnownFileType = image.png; name = "ssc-app-design@2x-152x152.png"; path = "Images/ssc-app-design@2x-152x152.png"; sourceTree = "<group>"; };
		D2121099183FEDB900A2F349 /* ssc-app-design@2x-120x120.png */ = {isa = PBXFileReference; lastKnownFileType = image.png; name = "ssc-app-design@2x-120x120.png"; path = "Images/ssc-app-design@2x-120x120.png"; sourceTree = "<group>"; };
		D212109A183FEDB900A2F349 /* ssc-app-design.png */ = {isa = PBXFileReference; lastKnownFileType = image.png; name = "ssc-app-design.png"; path = "Images/ssc-app-design.png"; sourceTree = "<group>"; };
		D212109B183FEDB900A2F349 /* ssc_logo_old.png */ = {isa = PBXFileReference; lastKnownFileType = image.png; name = ssc_logo_old.png; path = Images/ssc_logo_old.png; sourceTree = "<group>"; };
		D212109C183FEDB900A2F349 /* Default@2x-120x120.png */ = {isa = PBXFileReference; lastKnownFileType = image.png; name = "Default@2x-120x120.png"; path = "Images/Default@2x-120x120.png"; sourceTree = "<group>"; };
		D212109D183FEDB900A2F349 /* login_but.png */ = {isa = PBXFileReference; lastKnownFileType = image.png; name = login_but.png; path = Images/login_but.png; sourceTree = "<group>"; };
		D212109E183FEDB900A2F349 /* twitter-icon.png */ = {isa = PBXFileReference; lastKnownFileType = image.png; name = "twitter-icon.png"; path = "Images/twitter-icon.png"; sourceTree = "<group>"; };
		D212109F183FEDB900A2F349 /* facebook-icon.png */ = {isa = PBXFileReference; lastKnownFileType = image.png; name = "facebook-icon.png"; path = "Images/facebook-icon.png"; sourceTree = "<group>"; };
		D21210A0183FEDB900A2F349 /* Default@2x.png */ = {isa = PBXFileReference; lastKnownFileType = image.png; name = "Default@2x.png"; path = "Images/Default@2x.png"; sourceTree = "<group>"; };
		D21210B2183FEE3000A2F349 /* BannerEvents.h */ = {isa = PBXFileReference; fileEncoding = 4; lastKnownFileType = sourcecode.c.h; name = BannerEvents.h; path = "Supporting Files/Objects/BannerEvents.h"; sourceTree = "<group>"; };
		D21210B3183FEE3000A2F349 /* BannerEvents.m */ = {isa = PBXFileReference; fileEncoding = 4; lastKnownFileType = sourcecode.c.objc; name = BannerEvents.m; path = "Supporting Files/Objects/BannerEvents.m"; sourceTree = "<group>"; };
		D21210B4183FEE3000A2F349 /* SSCNewsFeeds.h */ = {isa = PBXFileReference; fileEncoding = 4; lastKnownFileType = sourcecode.c.h; name = SSCNewsFeeds.h; path = "Supporting Files/Objects/SSCNewsFeeds.h"; sourceTree = "<group>"; };
		D21210B5183FEE3000A2F349 /* SSCNewsFeeds.m */ = {isa = PBXFileReference; fileEncoding = 4; lastKnownFileType = sourcecode.c.objc; name = SSCNewsFeeds.m; path = "Supporting Files/Objects/SSCNewsFeeds.m"; sourceTree = "<group>"; };
		D21210E0183FEE7A00A2F349 /* SSC-SBTableViewController.h */ = {isa = PBXFileReference; fileEncoding = 4; lastKnownFileType = sourcecode.c.h; name = "SSC-SBTableViewController.h"; path = "Sidebar Menu/SSC-SBTableViewController.h"; sourceTree = "<group>"; };
		D21210E1183FEE7A00A2F349 /* SSC-SBTableViewController.m */ = {isa = PBXFileReference; fileEncoding = 4; lastKnownFileType = sourcecode.c.objc; name = "SSC-SBTableViewController.m"; path = "Sidebar Menu/SSC-SBTableViewController.m"; sourceTree = "<group>"; };
		D21210E3183FEEAE00A2F349 /* NewsFeedSettingsViewController.h */ = {isa = PBXFileReference; fileEncoding = 4; lastKnownFileType = sourcecode.c.h; name = NewsFeedSettingsViewController.h; path = "News Feed/NewsFeedSettingsViewController.h"; sourceTree = "<group>"; };
		D21210E4183FEEAE00A2F349 /* NewsFeedSettingsViewController.m */ = {isa = PBXFileReference; fileEncoding = 4; lastKnownFileType = sourcecode.c.objc; name = NewsFeedSettingsViewController.m; path = "News Feed/NewsFeedSettingsViewController.m"; sourceTree = "<group>"; };
		D21210E8183FEEAE00A2F349 /* NewsFeedTableViewController.h */ = {isa = PBXFileReference; fileEncoding = 4; lastKnownFileType = sourcecode.c.h; name = NewsFeedTableViewController.h; path = "News Feed/NewsFeedTableViewController.h"; sourceTree = "<group>"; };
		D21210E9183FEEAE00A2F349 /* NewsFeedTableViewController.m */ = {isa = PBXFileReference; fileEncoding = 4; lastKnownFileType = sourcecode.c.objc; name = NewsFeedTableViewController.m; path = "News Feed/NewsFeedTableViewController.m"; sourceTree = "<group>"; };
		D21210EE183FEEC700A2F349 /* menu-gear.png */ = {isa = PBXFileReference; lastKnownFileType = image.png; name = "menu-gear.png"; path = "Images/menu-gear.png"; sourceTree = "<group>"; };
		D21210EF183FEEC700A2F349 /* menu-gear@2x.png */ = {isa = PBXFileReference; lastKnownFileType = image.png; name = "menu-gear@2x.png"; path = "Images/menu-gear@2x.png"; sourceTree = "<group>"; };
		D21210F0183FEEC700A2F349 /* menu.png */ = {isa = PBXFileReference; lastKnownFileType = image.png; name = menu.png; path = Images/menu.png; sourceTree = "<group>"; };
		D21210F1183FEEC700A2F349 /* menu@2x.png */ = {isa = PBXFileReference; lastKnownFileType = image.png; name = "menu@2x.png"; path = "Images/menu@2x.png"; sourceTree = "<group>"; };
		D21210FA183FEEE200A2F349 /* CalendarTableViewController.h */ = {isa = PBXFileReference; fileEncoding = 4; lastKnownFileType = sourcecode.c.h; name = CalendarTableViewController.h; path = Calendar/CalendarTableViewController.h; sourceTree = "<group>"; };
		D21210FB183FEEE200A2F349 /* CalendarTableViewController.m */ = {isa = PBXFileReference; fileEncoding = 4; lastKnownFileType = sourcecode.c.objc; name = CalendarTableViewController.m; path = Calendar/CalendarTableViewController.m; sourceTree = "<group>"; };
		D2121100183FEF1100A2F349 /* NSDateFormatter+STTwitter.h */ = {isa = PBXFileReference; fileEncoding = 4; lastKnownFileType = sourcecode.c.h; path = "NSDateFormatter+STTwitter.h"; sourceTree = "<group>"; };
		D2121101183FEF1100A2F349 /* NSDateFormatter+STTwitter.m */ = {isa = PBXFileReference; fileEncoding = 4; lastKnownFileType = sourcecode.c.objc; path = "NSDateFormatter+STTwitter.m"; sourceTree = "<group>"; };
		D2121102183FEF1100A2F349 /* NSString+STTwitter.h */ = {isa = PBXFileReference; fileEncoding = 4; lastKnownFileType = sourcecode.c.h; path = "NSString+STTwitter.h"; sourceTree = "<group>"; };
		D2121103183FEF1100A2F349 /* NSString+STTwitter.m */ = {isa = PBXFileReference; fileEncoding = 4; lastKnownFileType = sourcecode.c.objc; path = "NSString+STTwitter.m"; sourceTree = "<group>"; };
		D2121104183FEF1100A2F349 /* STHTTPRequest+STTwitter.h */ = {isa = PBXFileReference; fileEncoding = 4; lastKnownFileType = sourcecode.c.h; path = "STHTTPRequest+STTwitter.h"; sourceTree = "<group>"; };
		D2121105183FEF1100A2F349 /* STHTTPRequest+STTwitter.m */ = {isa = PBXFileReference; fileEncoding = 4; lastKnownFileType = sourcecode.c.objc; path = "STHTTPRequest+STTwitter.m"; sourceTree = "<group>"; };
		D2121106183FEF1100A2F349 /* STTwitter.h */ = {isa = PBXFileReference; fileEncoding = 4; lastKnownFileType = sourcecode.c.h; path = STTwitter.h; sourceTree = "<group>"; };
		D2121107183FEF1100A2F349 /* STTwitterAPI.h */ = {isa = PBXFileReference; fileEncoding = 4; lastKnownFileType = sourcecode.c.h; path = STTwitterAPI.h; sourceTree = "<group>"; };
		D2121108183FEF1100A2F349 /* STTwitterAPI.m */ = {isa = PBXFileReference; fileEncoding = 4; lastKnownFileType = sourcecode.c.objc; path = STTwitterAPI.m; sourceTree = "<group>"; };
		D2121109183FEF1100A2F349 /* STTwitterAppOnly.h */ = {isa = PBXFileReference; fileEncoding = 4; lastKnownFileType = sourcecode.c.h; path = STTwitterAppOnly.h; sourceTree = "<group>"; };
		D212110A183FEF1100A2F349 /* STTwitterAppOnly.m */ = {isa = PBXFileReference; fileEncoding = 4; lastKnownFileType = sourcecode.c.objc; path = STTwitterAppOnly.m; sourceTree = "<group>"; };
		D212110B183FEF1100A2F349 /* STTwitterHTML.h */ = {isa = PBXFileReference; fileEncoding = 4; lastKnownFileType = sourcecode.c.h; path = STTwitterHTML.h; sourceTree = "<group>"; };
		D212110C183FEF1100A2F349 /* STTwitterHTML.m */ = {isa = PBXFileReference; fileEncoding = 4; lastKnownFileType = sourcecode.c.objc; path = STTwitterHTML.m; sourceTree = "<group>"; };
		D212110D183FEF1100A2F349 /* STTwitterOAuth.h */ = {isa = PBXFileReference; fileEncoding = 4; lastKnownFileType = sourcecode.c.h; path = STTwitterOAuth.h; sourceTree = "<group>"; };
		D212110E183FEF1100A2F349 /* STTwitterOAuth.m */ = {isa = PBXFileReference; fileEncoding = 4; lastKnownFileType = sourcecode.c.objc; path = STTwitterOAuth.m; sourceTree = "<group>"; };
		D212110F183FEF1100A2F349 /* STTwitterOS.h */ = {isa = PBXFileReference; fileEncoding = 4; lastKnownFileType = sourcecode.c.h; path = STTwitterOS.h; sourceTree = "<group>"; };
		D2121110183FEF1100A2F349 /* STTwitterOS.m */ = {isa = PBXFileReference; fileEncoding = 4; lastKnownFileType = sourcecode.c.objc; path = STTwitterOS.m; sourceTree = "<group>"; };
		D2121111183FEF1100A2F349 /* STTwitterProtocol.h */ = {isa = PBXFileReference; fileEncoding = 4; lastKnownFileType = sourcecode.c.h; path = STTwitterProtocol.h; sourceTree = "<group>"; };
		D2121113183FEF1100A2F349 /* BAVPlistNode.h */ = {isa = PBXFileReference; fileEncoding = 4; lastKnownFileType = sourcecode.c.h; path = BAVPlistNode.h; sourceTree = "<group>"; };
		D2121114183FEF1100A2F349 /* BAVPlistNode.m */ = {isa = PBXFileReference; fileEncoding = 4; lastKnownFileType = sourcecode.c.objc; path = BAVPlistNode.m; sourceTree = "<group>"; };
		D2121115183FEF1100A2F349 /* JSONSyntaxHighlight.h */ = {isa = PBXFileReference; fileEncoding = 4; lastKnownFileType = sourcecode.c.h; path = JSONSyntaxHighlight.h; sourceTree = "<group>"; };
		D2121116183FEF1100A2F349 /* JSONSyntaxHighlight.m */ = {isa = PBXFileReference; fileEncoding = 4; lastKnownFileType = sourcecode.c.objc; path = JSONSyntaxHighlight.m; sourceTree = "<group>"; };
		D2121117183FEF1100A2F349 /* STHTTPRequest.h */ = {isa = PBXFileReference; fileEncoding = 4; lastKnownFileType = sourcecode.c.h; path = STHTTPRequest.h; sourceTree = "<group>"; };
		D2121118183FEF1100A2F349 /* STHTTPRequest.m */ = {isa = PBXFileReference; fileEncoding = 4; lastKnownFileType = sourcecode.c.objc; path = STHTTPRequest.m; sourceTree = "<group>"; };
		D2121124183FEF3B00A2F349 /* SWRevealViewController.h */ = {isa = PBXFileReference; fileEncoding = 4; lastKnownFileType = sourcecode.c.h; name = SWRevealViewController.h; path = "Supporting Files/SWRevealViewController.h"; sourceTree = "<group>"; };
		D2121125183FEF3B00A2F349 /* SWRevealViewController.m */ = {isa = PBXFileReference; fileEncoding = 4; lastKnownFileType = sourcecode.c.objc; name = SWRevealViewController.m; path = "Supporting Files/SWRevealViewController.m"; sourceTree = "<group>"; };
		D212112A183FEF6F00A2F349 /* main.m */ = {isa = PBXFileReference; fileEncoding = 4; lastKnownFileType = sourcecode.c.objc; name = main.m; path = "Supporting Files/main.m"; sourceTree = "<group>"; };
		D252CE9218467C9500F29DAC /* home_bg_solid.png */ = {isa = PBXFileReference; lastKnownFileType = image.png; path = home_bg_solid.png; sourceTree = "<group>"; };
		D252CE941847A69F00F29DAC /* AboutViewController.h */ = {isa = PBXFileReference; fileEncoding = 4; lastKnownFileType = sourcecode.c.h; path = AboutViewController.h; sourceTree = "<group>"; };
		D252CE951847A69F00F29DAC /* AboutViewController.m */ = {isa = PBXFileReference; fileEncoding = 4; lastKnownFileType = sourcecode.c.objc; path = AboutViewController.m; sourceTree = "<group>"; };
		D2542016183D8D83001BA3E1 /* FacebookSDK.framework */ = {isa = PBXFileReference; lastKnownFileType = wrapper.framework; name = FacebookSDK.framework; path = ../FacebookSDK/FacebookSDK.framework; sourceTree = "<group>"; };
		D266704E184AEB8200E8DDC9 /* EventsViewController.h */ = {isa = PBXFileReference; fileEncoding = 4; lastKnownFileType = sourcecode.c.h; name = EventsViewController.h; path = Calendar/EventsViewController.h; sourceTree = "<group>"; };
		D266704F184AEB8200E8DDC9 /* EventsViewController.m */ = {isa = PBXFileReference; fileEncoding = 4; lastKnownFileType = sourcecode.c.objc; name = EventsViewController.m; path = Calendar/EventsViewController.m; sourceTree = "<group>"; };
		D2667051184BDE4100E8DDC9 /* MembershipViewController.h */ = {isa = PBXFileReference; fileEncoding = 4; lastKnownFileType = sourcecode.c.h; path = MembershipViewController.h; sourceTree = "<group>"; };
		D2667052184BDE4100E8DDC9 /* MembershipViewController.m */ = {isa = PBXFileReference; fileEncoding = 4; lastKnownFileType = sourcecode.c.objc; path = MembershipViewController.m; sourceTree = "<group>"; };
		D273FCEF1844166F00C04977 /* HomeViewController.h */ = {isa = PBXFileReference; fileEncoding = 4; lastKnownFileType = sourcecode.c.h; path = HomeViewController.h; sourceTree = "<group>"; };
		D273FCF01844166F00C04977 /* HomeViewController.m */ = {isa = PBXFileReference; fileEncoding = 4; lastKnownFileType = sourcecode.c.objc; path = HomeViewController.m; sourceTree = "<group>"; };
		D273FCF218441AC600C04977 /* SHIM-SHAM.jpg */ = {isa = PBXFileReference; lastKnownFileType = image.jpeg; path = "SHIM-SHAM.jpg"; sourceTree = "<group>"; };
		D273FCFB18441FAF00C04977 /* home_bg.png */ = {isa = PBXFileReference; lastKnownFileType = image.png; path = home_bg.png; sourceTree = "<group>"; };
		D273FCFF1844296F00C04977 /* bg_test.png */ = {isa = PBXFileReference; lastKnownFileType = image.png; path = bg_test.png; sourceTree = "<group>"; };
		D27C29D61842920D000BD68B /* NewsFeedDetailViewController.h */ = {isa = PBXFileReference; fileEncoding = 4; lastKnownFileType = sourcecode.c.h; path = NewsFeedDetailViewController.h; sourceTree = "<group>"; };
		D27C29D71842920D000BD68B /* NewsFeedDetailViewController.m */ = {isa = PBXFileReference; fileEncoding = 4; lastKnownFileType = sourcecode.c.objc; path = NewsFeedDetailViewController.m; sourceTree = "<group>"; };
		D293E9B5183B160000D3D9EA /* libTestFlight.a */ = {isa = PBXFileReference; lastKnownFileType = archive.ar; path = libTestFlight.a; sourceTree = "<group>"; };
		D293E9B6183B160000D3D9EA /* TestFlight.h */ = {isa = PBXFileReference; fileEncoding = 4; lastKnownFileType = sourcecode.c.h; path = TestFlight.h; sourceTree = "<group>"; };
		D293E9B7183B160000D3D9EA /* TestFlight+AsyncLogging.h */ = {isa = PBXFileReference; fileEncoding = 4; lastKnownFileType = sourcecode.c.h; path = "TestFlight+AsyncLogging.h"; sourceTree = "<group>"; };
		D293E9B8183B160000D3D9EA /* TestFlight+ManualSessions.h */ = {isa = PBXFileReference; fileEncoding = 4; lastKnownFileType = sourcecode.c.h; path = "TestFlight+ManualSessions.h"; sourceTree = "<group>"; };
		D293E9BB183B16DB00D3D9EA /* libz.dylib */ = {isa = PBXFileReference; lastKnownFileType = "compiled.mach-o.dylib"; name = libz.dylib; path = usr/lib/libz.dylib; sourceTree = SDKROOT; };
		D295D5D91840CAFB00D796C5 /* NewsFeedFooterView.h */ = {isa = PBXFileReference; fileEncoding = 4; lastKnownFileType = sourcecode.c.h; name = NewsFeedFooterView.h; path = "News Feed/NewsFeedFooterView.h"; sourceTree = "<group>"; };
		D295D5DA1840CAFB00D796C5 /* NewsFeedFooterView.m */ = {isa = PBXFileReference; fileEncoding = 4; lastKnownFileType = sourcecode.c.objc; name = NewsFeedFooterView.m; path = "News Feed/NewsFeedFooterView.m"; sourceTree = "<group>"; };
		D295D5DB1840CAFB00D796C5 /* NewsFeedFooterView.xib */ = {isa = PBXFileReference; fileEncoding = 4; lastKnownFileType = file.xib; name = NewsFeedFooterView.xib; path = "News Feed/NewsFeedFooterView.xib"; sourceTree = "<group>"; };
		D295D5DC1840CAFB00D796C5 /* NewsFeedHeaderView.h */ = {isa = PBXFileReference; fileEncoding = 4; lastKnownFileType = sourcecode.c.h; name = NewsFeedHeaderView.h; path = "News Feed/NewsFeedHeaderView.h"; sourceTree = "<group>"; };
		D295D5DD1840CAFB00D796C5 /* NewsFeedHeaderView.m */ = {isa = PBXFileReference; fileEncoding = 4; lastKnownFileType = sourcecode.c.objc; name = NewsFeedHeaderView.m; path = "News Feed/NewsFeedHeaderView.m"; sourceTree = "<group>"; };
		D295D5DE1840CAFB00D796C5 /* NewsFeedHeaderView.xib */ = {isa = PBXFileReference; fileEncoding = 4; lastKnownFileType = file.xib; name = NewsFeedHeaderView.xib; path = "News Feed/NewsFeedHeaderView.xib"; sourceTree = "<group>"; };
		D295D5E31840D3AF00D796C5 /* NewsFeedImageSliderView.xib */ = {isa = PBXFileReference; fileEncoding = 4; lastKnownFileType = file.xib; name = NewsFeedImageSliderView.xib; path = "News Feed/NewsFeedImageSliderView.xib"; sourceTree = "<group>"; };
		D295D5E51840DA6600D796C5 /* NewsFeedEmptyCell.xib */ = {isa = PBXFileReference; fileEncoding = 4; lastKnownFileType = file.xib; name = NewsFeedEmptyCell.xib; path = "News Feed/NewsFeedEmptyCell.xib"; sourceTree = "<group>"; };
		D296A6541839894600D35795 /* MasterNavViewController.h */ = {isa = PBXFileReference; fileEncoding = 4; lastKnownFileType = sourcecode.c.h; path = MasterNavViewController.h; sourceTree = "<group>"; };
		D296A6551839894600D35795 /* MasterNavViewController.m */ = {isa = PBXFileReference; fileEncoding = 4; lastKnownFileType = sourcecode.c.objc; path = MasterNavViewController.m; sourceTree = "<group>"; };
		D296A65B183994DA00D35795 /* Storyboard.storyboard */ = {isa = PBXFileReference; fileEncoding = 4; lastKnownFileType = file.storyboard; path = Storyboard.storyboard; sourceTree = "<group>"; };
		D29EF7731838B3540087B04F /* Savoy Swing.app */ = {isa = PBXFileReference; explicitFileType = wrapper.application; includeInIndex = 0; path = "Savoy Swing.app"; sourceTree = BUILT_PRODUCTS_DIR; };
		D29EF7761838B3540087B04F /* Foundation.framework */ = {isa = PBXFileReference; lastKnownFileType = wrapper.framework; name = Foundation.framework; path = System/Library/Frameworks/Foundation.framework; sourceTree = SDKROOT; };
		D29EF7781838B3540087B04F /* CoreGraphics.framework */ = {isa = PBXFileReference; lastKnownFileType = wrapper.framework; name = CoreGraphics.framework; path = System/Library/Frameworks/CoreGraphics.framework; sourceTree = SDKROOT; };
		D29EF77A1838B3540087B04F /* UIKit.framework */ = {isa = PBXFileReference; lastKnownFileType = wrapper.framework; name = UIKit.framework; path = System/Library/Frameworks/UIKit.framework; sourceTree = SDKROOT; };
		D29EF7801838B3540087B04F /* en */ = {isa = PBXFileReference; lastKnownFileType = text.plist.strings; name = en; path = en.lproj/InfoPlist.strings; sourceTree = "<group>"; };
		D29EF7851838B3540087B04F /* SSCAppDelegate.h */ = {isa = PBXFileReference; lastKnownFileType = sourcecode.c.h; path = SSCAppDelegate.h; sourceTree = "<group>"; };
		D29EF7861838B3540087B04F /* SSCAppDelegate.m */ = {isa = PBXFileReference; lastKnownFileType = sourcecode.c.objc; path = SSCAppDelegate.m; sourceTree = "<group>"; };
		D29EF7881838B3540087B04F /* Images.xcassets */ = {isa = PBXFileReference; lastKnownFileType = folder.assetcatalog; path = Images.xcassets; sourceTree = "<group>"; };
		D29EF78E1838B3540087B04F /* Savoy SwingTests.xctest */ = {isa = PBXFileReference; explicitFileType = wrapper.cfbundle; includeInIndex = 0; path = "Savoy SwingTests.xctest"; sourceTree = BUILT_PRODUCTS_DIR; };
		D29EF78F1838B3540087B04F /* XCTest.framework */ = {isa = PBXFileReference; lastKnownFileType = wrapper.framework; name = XCTest.framework; path = Library/Frameworks/XCTest.framework; sourceTree = DEVELOPER_DIR; };
		D29EF7971838B3540087B04F /* Savoy SwingTests-Info.plist */ = {isa = PBXFileReference; lastKnownFileType = text.plist.xml; path = "Savoy SwingTests-Info.plist"; sourceTree = "<group>"; };
		D29EF7991838B3540087B04F /* en */ = {isa = PBXFileReference; lastKnownFileType = text.plist.strings; name = en; path = en.lproj/InfoPlist.strings; sourceTree = "<group>"; };
		D29EF79B1838B3540087B04F /* Savoy_SwingTests.m */ = {isa = PBXFileReference; lastKnownFileType = sourcecode.c.objc; path = Savoy_SwingTests.m; sourceTree = "<group>"; };
		D29EF7A51838B3780087B04F /* LoginViewController.h */ = {isa = PBXFileReference; fileEncoding = 4; lastKnownFileType = sourcecode.c.h; path = LoginViewController.h; sourceTree = "<group>"; };
		D29EF7A61838B3780087B04F /* LoginViewController.m */ = {isa = PBXFileReference; fileEncoding = 4; lastKnownFileType = sourcecode.c.objc; path = LoginViewController.m; sourceTree = "<group>"; };
		D2CCB7911858F4AE005DDF0E /* ssc_card_med_active.tif */ = {isa = PBXFileReference; lastKnownFileType = image.tiff; name = ssc_card_med_active.tif; path = Images/ssc_card_med_active.tif; sourceTree = "<group>"; };
		D2CCB7921858F4AE005DDF0E /* ssc_card_med_inactive.tif */ = {isa = PBXFileReference; lastKnownFileType = image.tiff; name = ssc_card_med_inactive.tif; path = Images/ssc_card_med_inactive.tif; sourceTree = "<group>"; };
		D2D21054183ADF6C0041B301 /* banner_sav_mon_.jpg */ = {isa = PBXFileReference; lastKnownFileType = image.jpeg; name = banner_sav_mon_.jpg; path = Images/banner_sav_mon_.jpg; sourceTree = "<group>"; };
		D2D21058183AE1070041B301 /* blues_underground.jpg */ = {isa = PBXFileReference; lastKnownFileType = image.jpeg; name = blues_underground.jpg; path = Images/blues_underground.jpg; sourceTree = "<group>"; };
		D2D8660E183ABBA9002B2575 /* AccountTableViewController.h */ = {isa = PBXFileReference; fileEncoding = 4; lastKnownFileType = sourcecode.c.h; path = AccountTableViewController.h; sourceTree = "<group>"; };
		D2D8660F183ABBA9002B2575 /* AccountTableViewController.m */ = {isa = PBXFileReference; fileEncoding = 4; lastKnownFileType = sourcecode.c.objc; path = AccountTableViewController.m; sourceTree = "<group>"; };
		D2E481481852B966008D19B8 /* STableViewController.h */ = {isa = PBXFileReference; fileEncoding = 4; lastKnownFileType = sourcecode.c.h; name = STableViewController.h; path = "../Savoy Swing/STableViewController.h"; sourceTree = "<group>"; };
		D2E481491852B966008D19B8 /* STableViewController.m */ = {isa = PBXFileReference; fileEncoding = 4; lastKnownFileType = sourcecode.c.objc; name = STableViewController.m; path = "../Savoy Swing/STableViewController.m"; sourceTree = "<group>"; };
		D2E4818E185306EB008D19B8 /* InitialViewController.h */ = {isa = PBXFileReference; fileEncoding = 4; lastKnownFileType = sourcecode.c.h; path = InitialViewController.h; sourceTree = "<group>"; };
		D2E4818F185306EB008D19B8 /* InitialViewController.m */ = {isa = PBXFileReference; fileEncoding = 4; lastKnownFileType = sourcecode.c.objc; path = InitialViewController.m; sourceTree = "<group>"; };
		D2E481911857BBC2008D19B8 /* NewsFeedCell.h */ = {isa = PBXFileReference; fileEncoding = 4; lastKnownFileType = sourcecode.c.h; name = NewsFeedCell.h; path = "News Feed/NewsFeedCell.h"; sourceTree = "<group>"; };
		D2E481921857BBC2008D19B8 /* NewsFeedCell.m */ = {isa = PBXFileReference; fileEncoding = 4; lastKnownFileType = sourcecode.c.objc; name = NewsFeedCell.m; path = "News Feed/NewsFeedCell.m"; sourceTree = "<group>"; };
		D2EB39CB1843521E0067214D /* SSCData.h */ = {isa = PBXFileReference; fileEncoding = 4; lastKnownFileType = sourcecode.c.h; name = SSCData.h; path = "../../Savoy Swing Secret/Savoy Swing Secret/SSCData.h"; sourceTree = "<group>"; };
		D2EB39CC1843521E0067214D /* SSCData.m */ = {isa = PBXFileReference; fileEncoding = 4; lastKnownFileType = sourcecode.c.objc; name = SSCData.m; path = "../../Savoy Swing Secret/Savoy Swing Secret/SSCData.m"; sourceTree = "<group>"; };
		D2EB39CE184355C00067214D /* Savoy Swing-Info.plist */ = {isa = PBXFileReference; fileEncoding = 4; lastKnownFileType = text.plist.xml; path = "Savoy Swing-Info.plist"; sourceTree = "<group>"; };
/* End PBXFileReference section */

/* Begin PBXFrameworksBuildPhase section */
		D29EF7701838B3540087B04F /* Frameworks */ = {
			isa = PBXFrameworksBuildPhase;
			buildActionMask = 2147483647;
			files = (
				D293E9BC183B16DB00D3D9EA /* libz.dylib in Frameworks */,
				D29EF7791838B3540087B04F /* CoreGraphics.framework in Frameworks */,
				D29EF77B1838B3540087B04F /* UIKit.framework in Frameworks */,
				D29EF7771838B3540087B04F /* Foundation.framework in Frameworks */,
				D293E9B9183B160000D3D9EA /* libTestFlight.a in Frameworks */,
				D2542017183D8D83001BA3E1 /* FacebookSDK.framework in Frameworks */,
			);
			runOnlyForDeploymentPostprocessing = 0;
		};
		D29EF78B1838B3540087B04F /* Frameworks */ = {
			isa = PBXFrameworksBuildPhase;
			buildActionMask = 2147483647;
			files = (
				D29EF7901838B3540087B04F /* XCTest.framework in Frameworks */,
				D29EF7921838B3540087B04F /* UIKit.framework in Frameworks */,
				D29EF7911838B3540087B04F /* Foundation.framework in Frameworks */,
			);
			runOnlyForDeploymentPostprocessing = 0;
		};
/* End PBXFrameworksBuildPhase section */

/* Begin PBXGroup section */
		D21210FF183FEF1100A2F349 /* STTwitter */ = {
			isa = PBXGroup;
			children = (
				D2121100183FEF1100A2F349 /* NSDateFormatter+STTwitter.h */,
				D2121101183FEF1100A2F349 /* NSDateFormatter+STTwitter.m */,
				D2121102183FEF1100A2F349 /* NSString+STTwitter.h */,
				D2121103183FEF1100A2F349 /* NSString+STTwitter.m */,
				D2121104183FEF1100A2F349 /* STHTTPRequest+STTwitter.h */,
				D2121105183FEF1100A2F349 /* STHTTPRequest+STTwitter.m */,
				D2121106183FEF1100A2F349 /* STTwitter.h */,
				D2121107183FEF1100A2F349 /* STTwitterAPI.h */,
				D2121108183FEF1100A2F349 /* STTwitterAPI.m */,
				D2121109183FEF1100A2F349 /* STTwitterAppOnly.h */,
				D212110A183FEF1100A2F349 /* STTwitterAppOnly.m */,
				D212110B183FEF1100A2F349 /* STTwitterHTML.h */,
				D212110C183FEF1100A2F349 /* STTwitterHTML.m */,
				D212110D183FEF1100A2F349 /* STTwitterOAuth.h */,
				D212110E183FEF1100A2F349 /* STTwitterOAuth.m */,
				D212110F183FEF1100A2F349 /* STTwitterOS.h */,
				D2121110183FEF1100A2F349 /* STTwitterOS.m */,
				D2121111183FEF1100A2F349 /* STTwitterProtocol.h */,
				D2121112183FEF1100A2F349 /* Vendor */,
			);
			name = STTwitter;
			path = ../../STTwitter;
			sourceTree = "<group>";
		};
		D2121112183FEF1100A2F349 /* Vendor */ = {
			isa = PBXGroup;
			children = (
				D2121113183FEF1100A2F349 /* BAVPlistNode.h */,
				D2121114183FEF1100A2F349 /* BAVPlistNode.m */,
				D2121115183FEF1100A2F349 /* JSONSyntaxHighlight.h */,
				D2121116183FEF1100A2F349 /* JSONSyntaxHighlight.m */,
				D2121117183FEF1100A2F349 /* STHTTPRequest.h */,
				D2121118183FEF1100A2F349 /* STHTTPRequest.m */,
			);
			path = Vendor;
			sourceTree = "<group>";
		};
		D273FCF618441CD100C04977 /* Home Page */ = {
			isa = PBXGroup;
			children = (
				D273FCF218441AC600C04977 /* SHIM-SHAM.jpg */,
				D273FCFF1844296F00C04977 /* bg_test.png */,
				D273FCFB18441FAF00C04977 /* home_bg.png */,
				D252CE9218467C9500F29DAC /* home_bg_solid.png */,
			);
			name = "Home Page";
			sourceTree = "<group>";
		};
		D293E9BA183B160800D3D9EA /* TestFlight */ = {
			isa = PBXGroup;
			children = (
				D293E9B5183B160000D3D9EA /* libTestFlight.a */,
				D293E9B6183B160000D3D9EA /* TestFlight.h */,
				D293E9B7183B160000D3D9EA /* TestFlight+AsyncLogging.h */,
				D293E9B8183B160000D3D9EA /* TestFlight+ManualSessions.h */,
			);
			name = TestFlight;
			sourceTree = "<group>";
		};
		D29443B71839A704008F51CE /* Sidebar Menu */ = {
			isa = PBXGroup;
			children = (
				D21210E0183FEE7A00A2F349 /* SSC-SBTableViewController.h */,
				D21210E1183FEE7A00A2F349 /* SSC-SBTableViewController.m */,
			);
			name = "Sidebar Menu";
			sourceTree = "<group>";
		};
		D295D5D41840C96A00D796C5 /* STableViewController */ = {
			isa = PBXGroup;
			children = (
				D2E481481852B966008D19B8 /* STableViewController.h */,
				D2E481491852B966008D19B8 /* STableViewController.m */,
			);
			name = STableViewController;
			path = ../../STableViewController;
			sourceTree = "<group>";
		};
		D295D5D81840C9AE00D796C5 /* pullToRefresh */ = {
			isa = PBXGroup;
			children = (
				D295D5E51840DA6600D796C5 /* NewsFeedEmptyCell.xib */,
				D295D5E31840D3AF00D796C5 /* NewsFeedImageSliderView.xib */,
				D295D5D91840CAFB00D796C5 /* NewsFeedFooterView.h */,
				D295D5DA1840CAFB00D796C5 /* NewsFeedFooterView.m */,
				D295D5DB1840CAFB00D796C5 /* NewsFeedFooterView.xib */,
				D295D5DC1840CAFB00D796C5 /* NewsFeedHeaderView.h */,
				D295D5DD1840CAFB00D796C5 /* NewsFeedHeaderView.m */,
				D295D5DE1840CAFB00D796C5 /* NewsFeedHeaderView.xib */,
			);
			name = pullToRefresh;
			sourceTree = "<group>";
		};
		D296A6571839894F00D35795 /* Main Navigation */ = {
			isa = PBXGroup;
			children = (
				D296A6541839894600D35795 /* MasterNavViewController.h */,
				D296A6551839894600D35795 /* MasterNavViewController.m */,
				D273FCEF1844166F00C04977 /* HomeViewController.h */,
				D273FCF01844166F00C04977 /* HomeViewController.m */,
				D2BB47C9183B39E800EF80B8 /* News Feed */,
				D252CE941847A69F00F29DAC /* AboutViewController.h */,
				D252CE951847A69F00F29DAC /* AboutViewController.m */,
				D2D2105D183AE7360041B301 /* Calendar */,
				D2D8660E183ABBA9002B2575 /* AccountTableViewController.h */,
				D2D8660F183ABBA9002B2575 /* AccountTableViewController.m */,
				D2667051184BDE4100E8DDC9 /* MembershipViewController.h */,
				D2667052184BDE4100E8DDC9 /* MembershipViewController.m */,
			);
			name = "Main Navigation";
			sourceTree = "<group>";
		};
		D29EF76A1838B3540087B04F = {
			isa = PBXGroup;
			children = (
				D29EF77C1838B3540087B04F /* Savoy Swing */,
				D29EF7951838B3540087B04F /* Savoy SwingTests */,
				D29EF7751838B3540087B04F /* Frameworks */,
				D29EF7741838B3540087B04F /* Products */,
			);
			sourceTree = "<group>";
		};
		D29EF7741838B3540087B04F /* Products */ = {
			isa = PBXGroup;
			children = (
				D29EF7731838B3540087B04F /* Savoy Swing.app */,
				D29EF78E1838B3540087B04F /* Savoy SwingTests.xctest */,
			);
			name = Products;
			sourceTree = "<group>";
		};
		D29EF7751838B3540087B04F /* Frameworks */ = {
			isa = PBXGroup;
			children = (
				D293E9BB183B16DB00D3D9EA /* libz.dylib */,
				D2542016183D8D83001BA3E1 /* FacebookSDK.framework */,
				D29EF7761838B3540087B04F /* Foundation.framework */,
				D29EF7781838B3540087B04F /* CoreGraphics.framework */,
				D29EF77A1838B3540087B04F /* UIKit.framework */,
				D29EF78F1838B3540087B04F /* XCTest.framework */,
			);
			name = Frameworks;
			sourceTree = "<group>";
		};
		D29EF77C1838B3540087B04F /* Savoy Swing */ = {
			isa = PBXGroup;
			children = (
				D296A65B183994DA00D35795 /* Storyboard.storyboard */,
				D2E4818E185306EB008D19B8 /* InitialViewController.h */,
				D2E4818F185306EB008D19B8 /* InitialViewController.m */,
				D29EF7851838B3540087B04F /* SSCAppDelegate.h */,
				D29EF7861838B3540087B04F /* SSCAppDelegate.m */,
				D29443B71839A704008F51CE /* Sidebar Menu */,
				D296A6571839894F00D35795 /* Main Navigation */,
				D29EF7AA1838B3C40087B04F /* Login */,
				D29EF7AB1838B52B0087B04F /* Images */,
				D29EF77D1838B3540087B04F /* Supporting Files */,
			);
			path = "Savoy Swing";
			sourceTree = "<group>";
		};
		D29EF77D1838B3540087B04F /* Supporting Files */ = {
			isa = PBXGroup;
			children = (
				D295D5D41840C96A00D796C5 /* STableViewController */,
				D21210FF183FEF1100A2F349 /* STTwitter */,
				D293E9BA183B160800D3D9EA /* TestFlight */,
				D2D8661A183AD3D8002B2575 /* Classes */,
				D29EF77F1838B3540087B04F /* InfoPlist.strings */,
				D2EB39CE184355C00067214D /* Savoy Swing-Info.plist */,
				D212112A183FEF6F00A2F349 /* main.m */,
				D2121124183FEF3B00A2F349 /* SWRevealViewController.h */,
				D2121125183FEF3B00A2F349 /* SWRevealViewController.m */,
				D2EB39CB1843521E0067214D /* SSCData.h */,
				D2EB39CC1843521E0067214D /* SSCData.m */,
			);
			name = "Supporting Files";
			sourceTree = "<group>";
		};
		D29EF7951838B3540087B04F /* Savoy SwingTests */ = {
			isa = PBXGroup;
			children = (
				D29EF79B1838B3540087B04F /* Savoy_SwingTests.m */,
				D29EF7961838B3540087B04F /* Supporting Files */,
			);
			path = "Savoy SwingTests";
			sourceTree = "<group>";
		};
		D29EF7961838B3540087B04F /* Supporting Files */ = {
			isa = PBXGroup;
			children = (
				D29EF7971838B3540087B04F /* Savoy SwingTests-Info.plist */,
				D29EF7981838B3540087B04F /* InfoPlist.strings */,
			);
			name = "Supporting Files";
			sourceTree = "<group>";
		};
		D29EF7AA1838B3C40087B04F /* Login */ = {
			isa = PBXGroup;
			children = (
				D29EF7A51838B3780087B04F /* LoginViewController.h */,
				D29EF7A61838B3780087B04F /* LoginViewController.m */,
			);
			name = Login;
			sourceTree = "<group>";
		};
		D29EF7AB1838B52B0087B04F /* Images */ = {
			isa = PBXGroup;
			children = (
				D29EF7881838B3540087B04F /* Images.xcassets */,
				D273FCF618441CD100C04977 /* Home Page */,
				D2D21057183ADF700041B301 /* Test Banners */,
				D2CCB7911858F4AE005DDF0E /* ssc_card_med_active.tif */,
				D2CCB7921858F4AE005DDF0E /* ssc_card_med_inactive.tif */,
				D21210EE183FEEC700A2F349 /* menu-gear.png */,
				D21210EF183FEEC700A2F349 /* menu-gear@2x.png */,
				D21210F0183FEEC700A2F349 /* menu.png */,
				D21210F1183FEEC700A2F349 /* menu@2x.png */,
				D2121090183FEDB900A2F349 /* 2xDefault.png */,
				D2121091183FEDB900A2F349 /* R4Default.png */,
				D2121092183FEDB900A2F349 /* ssc-app-design-oj.png */,
				D2121096183FEDB900A2F349 /* ssc-app-design_nobg.png */,
				D2121097183FEDB900A2F349 /* ssc-app-design@2x-76x76.png */,
				D2121098183FEDB900A2F349 /* ssc-app-design@2x-152x152.png */,
				D2121099183FEDB900A2F349 /* ssc-app-design@2x-120x120.png */,
				D212109A183FEDB900A2F349 /* ssc-app-design.png */,
				D212109B183FEDB900A2F349 /* ssc_logo_old.png */,
				D212109C183FEDB900A2F349 /* Default@2x-120x120.png */,
				D212109D183FEDB900A2F349 /* login_but.png */,
				D212109E183FEDB900A2F349 /* twitter-icon.png */,
				D212109F183FEDB900A2F349 /* facebook-icon.png */,
				D21210A0183FEDB900A2F349 /* Default@2x.png */,
			);
			name = Images;
			sourceTree = "<group>";
		};
		D2BB47C9183B39E800EF80B8 /* News Feed */ = {
			isa = PBXGroup;
			children = (
				D21210E3183FEEAE00A2F349 /* NewsFeedSettingsViewController.h */,
				D21210E4183FEEAE00A2F349 /* NewsFeedSettingsViewController.m */,
				D27C29D61842920D000BD68B /* NewsFeedDetailViewController.h */,
				D27C29D71842920D000BD68B /* NewsFeedDetailViewController.m */,
				D21210E8183FEEAE00A2F349 /* NewsFeedTableViewController.h */,
				D21210E9183FEEAE00A2F349 /* NewsFeedTableViewController.m */,
				D2E481911857BBC2008D19B8 /* NewsFeedCell.h */,
				D2E481921857BBC2008D19B8 /* NewsFeedCell.m */,
				D295D5D81840C9AE00D796C5 /* pullToRefresh */,
			);
			name = "News Feed";
			sourceTree = "<group>";
		};
		D2D21057183ADF700041B301 /* Test Banners */ = {
			isa = PBXGroup;
			children = (
				D212108A183FED6600A2F349 /* marquee-4.png */,
				D2D21054183ADF6C0041B301 /* banner_sav_mon_.jpg */,
				D2D21058183AE1070041B301 /* blues_underground.jpg */,
			);
			name = "Test Banners";
			sourceTree = "<group>";
		};
		D2D2105D183AE7360041B301 /* Calendar */ = {
			isa = PBXGroup;
			children = (
				D21210FA183FEEE200A2F349 /* CalendarTableViewController.h */,
				D21210FB183FEEE200A2F349 /* CalendarTableViewController.m */,
				D266704E184AEB8200E8DDC9 /* EventsViewController.h */,
				D266704F184AEB8200E8DDC9 /* EventsViewController.m */,
			);
			name = Calendar;
			sourceTree = "<group>";
		};
		D2D8661A183AD3D8002B2575 /* Classes */ = {
			isa = PBXGroup;
			children = (
				D21210B2183FEE3000A2F349 /* BannerEvents.h */,
				D21210B3183FEE3000A2F349 /* BannerEvents.m */,
				D21210B4183FEE3000A2F349 /* SSCNewsFeeds.h */,
				D21210B5183FEE3000A2F349 /* SSCNewsFeeds.m */,
			);
			name = Classes;
			sourceTree = "<group>";
		};
/* End PBXGroup section */

/* Begin PBXNativeTarget section */
		D29EF7721838B3540087B04F /* Savoy Swing */ = {
			isa = PBXNativeTarget;
			buildConfigurationList = D29EF79F1838B3540087B04F /* Build configuration list for PBXNativeTarget "Savoy Swing" */;
			buildPhases = (
				D29EF76F1838B3540087B04F /* Sources */,
				D29EF7701838B3540087B04F /* Frameworks */,
				D29EF7711838B3540087B04F /* Resources */,
			);
			buildRules = (
			);
			dependencies = (
			);
			name = "Savoy Swing";
			productName = "Savoy Swing";
			productReference = D29EF7731838B3540087B04F /* Savoy Swing.app */;
			productType = "com.apple.product-type.application";
		};
		D29EF78D1838B3540087B04F /* Savoy SwingTests */ = {
			isa = PBXNativeTarget;
			buildConfigurationList = D29EF7A21838B3540087B04F /* Build configuration list for PBXNativeTarget "Savoy SwingTests" */;
			buildPhases = (
				D29EF78A1838B3540087B04F /* Sources */,
				D29EF78B1838B3540087B04F /* Frameworks */,
				D29EF78C1838B3540087B04F /* Resources */,
			);
			buildRules = (
			);
			dependencies = (
				D29EF7941838B3540087B04F /* PBXTargetDependency */,
			);
			name = "Savoy SwingTests";
			productName = "Savoy SwingTests";
			productReference = D29EF78E1838B3540087B04F /* Savoy SwingTests.xctest */;
			productType = "com.apple.product-type.bundle.unit-test";
		};
/* End PBXNativeTarget section */

/* Begin PBXProject section */
		D29EF76B1838B3540087B04F /* Project object */ = {
			isa = PBXProject;
			attributes = {
				CLASSPREFIX = SSC;
				LastUpgradeCheck = 0500;
				ORGANIZATIONNAME = "Steven Stevenson";
				TargetAttributes = {
					D29EF7721838B3540087B04F = {
						DevelopmentTeam = 2S283D3328;
					};
					D29EF78D1838B3540087B04F = {
						TestTargetID = D29EF7721838B3540087B04F;
					};
				};
			};
			buildConfigurationList = D29EF76E1838B3540087B04F /* Build configuration list for PBXProject "Savoy Swing" */;
			compatibilityVersion = "Xcode 3.2";
			developmentRegion = English;
			hasScannedForEncodings = 0;
			knownRegions = (
				en,
			);
			mainGroup = D29EF76A1838B3540087B04F;
			productRefGroup = D29EF7741838B3540087B04F /* Products */;
			projectDirPath = "";
			projectRoot = "";
			targets = (
				D29EF7721838B3540087B04F /* Savoy Swing */,
				D29EF78D1838B3540087B04F /* Savoy SwingTests */,
			);
		};
/* End PBXProject section */

/* Begin PBXResourcesBuildPhase section */
		D29EF7711838B3540087B04F /* Resources */ = {
			isa = PBXResourcesBuildPhase;
			buildActionMask = 2147483647;
			files = (
				D21210A8183FEDB900A2F349 /* ssc-app-design@2x-76x76.png in Resources */,
				D21210A3183FEDB900A2F349 /* ssc-app-design-oj.png in Resources */,
				D296A65C183994DA00D35795 /* Storyboard.storyboard in Resources */,
				D21210F4183FEEC700A2F349 /* menu.png in Resources */,
				D21210AE183FEDB900A2F349 /* login_but.png in Resources */,
				D2CCB7931858F4AE005DDF0E /* ssc_card_med_active.tif in Resources */,
				D21210F5183FEEC700A2F349 /* menu@2x.png in Resources */,
				D273FCFC18441FAF00C04977 /* home_bg.png in Resources */,
				D295D5E01840CAFB00D796C5 /* NewsFeedFooterView.xib in Resources */,
				D273FD001844296F00C04977 /* bg_test.png in Resources */,
				D273FCF318441AC600C04977 /* SHIM-SHAM.jpg in Resources */,
				D21210B1183FEDB900A2F349 /* Default@2x.png in Resources */,
				D21210AB183FEDB900A2F349 /* ssc-app-design.png in Resources */,
				D21210B0183FEDB900A2F349 /* facebook-icon.png in Resources */,
				D295D5E41840D3AF00D796C5 /* NewsFeedImageSliderView.xib in Resources */,
				D2CCB7941858F4AE005DDF0E /* ssc_card_med_inactive.tif in Resources */,
				D295D5E21840CAFB00D796C5 /* NewsFeedHeaderView.xib in Resources */,
				D252CE9318467C9500F29DAC /* home_bg_solid.png in Resources */,
				D21210AD183FEDB900A2F349 /* Default@2x-120x120.png in Resources */,
				D21210A7183FEDB900A2F349 /* ssc-app-design_nobg.png in Resources */,
				D29EF7891838B3540087B04F /* Images.xcassets in Resources */,
				D2D21059183AE1070041B301 /* blues_underground.jpg in Resources */,
				D21210F3183FEEC700A2F349 /* menu-gear@2x.png in Resources */,
				D21210AC183FEDB900A2F349 /* ssc_logo_old.png in Resources */,
				D21210A9183FEDB900A2F349 /* ssc-app-design@2x-152x152.png in Resources */,
				D21210F2183FEEC700A2F349 /* menu-gear.png in Resources */,
				D21210AF183FEDB900A2F349 /* twitter-icon.png in Resources */,
				D295D5E61840DA6600D796C5 /* NewsFeedEmptyCell.xib in Resources */,
				D21210A1183FEDB900A2F349 /* 2xDefault.png in Resources */,
				D21210AA183FEDB900A2F349 /* ssc-app-design@2x-120x120.png in Resources */,
				D212108B183FED6600A2F349 /* marquee-4.png in Resources */,
				D2D21056183ADF6C0041B301 /* banner_sav_mon_.jpg in Resources */,
				D21210A2183FEDB900A2F349 /* R4Default.png in Resources */,
			);
			runOnlyForDeploymentPostprocessing = 0;
		};
		D29EF78C1838B3540087B04F /* Resources */ = {
			isa = PBXResourcesBuildPhase;
			buildActionMask = 2147483647;
			files = (
				D29EF79A1838B3540087B04F /* InfoPlist.strings in Resources */,
			);
			runOnlyForDeploymentPostprocessing = 0;
		};
/* End PBXResourcesBuildPhase section */

/* Begin PBXSourcesBuildPhase section */
		D29EF76F1838B3540087B04F /* Sources */ = {
			isa = PBXSourcesBuildPhase;
			buildActionMask = 2147483647;
			files = (
				D2667053184BDE4100E8DDC9 /* MembershipViewController.m in Sources */,
				D2121120183FEF1100A2F349 /* STTwitterOS.m in Sources */,
				D21210E2183FEE7A00A2F349 /* SSC-SBTableViewController.m in Sources */,
				D2121123183FEF1100A2F349 /* STHTTPRequest.m in Sources */,
				D2121119183FEF1100A2F349 /* NSDateFormatter+STTwitter.m in Sources */,
				D29EF7871838B3540087B04F /* SSCAppDelegate.m in Sources */,
				D212112B183FEF6F00A2F349 /* main.m in Sources */,
				D2EB39CD1843521E0067214D /* SSCData.m in Sources */,
				D21210ED183FEEAE00A2F349 /* NewsFeedTableViewController.m in Sources */,
				D212111A183FEF1100A2F349 /* NSString+STTwitter.m in Sources */,
				D295D5E11840CAFB00D796C5 /* NewsFeedHeaderView.m in Sources */,
				D2E4814A1852B966008D19B8 /* STableViewController.m in Sources */,
				D252CE961847A69F00F29DAC /* AboutViewController.m in Sources */,
				D2121126183FEF3B00A2F349 /* SWRevealViewController.m in Sources */,
				D295D5DF1840CAFB00D796C5 /* NewsFeedFooterView.m in Sources */,
				D21210EA183FEEAE00A2F349 /* NewsFeedSettingsViewController.m in Sources */,
				D296A6561839894600D35795 /* MasterNavViewController.m in Sources */,
				D2121121183FEF1100A2F349 /* BAVPlistNode.m in Sources */,
				D2121122183FEF1100A2F349 /* JSONSyntaxHighlight.m in Sources */,
				D212111E183FEF1100A2F349 /* STTwitterHTML.m in Sources */,
				D2667050184AEB8200E8DDC9 /* EventsViewController.m in Sources */,
				D212111F183FEF1100A2F349 /* STTwitterOAuth.m in Sources */,
				D2D86610183ABBA9002B2575 /* AccountTableViewController.m in Sources */,
				D27C29D81842920D000BD68B /* NewsFeedDetailViewController.m in Sources */,
				D273FCF11844166F00C04977 /* HomeViewController.m in Sources */,
				D212111D183FEF1100A2F349 /* STTwitterAppOnly.m in Sources */,
				D2E481931857BBC2008D19B8 /* NewsFeedCell.m in Sources */,
				D21210FE183FEEE200A2F349 /* CalendarTableViewController.m in Sources */,
				D212111B183FEF1100A2F349 /* STHTTPRequest+STTwitter.m in Sources */,
				D21210B9183FEE3000A2F349 /* SSCNewsFeeds.m in Sources */,
				D21210B8183FEE3000A2F349 /* BannerEvents.m in Sources */,
				D2E48190185306EB008D19B8 /* InitialViewController.m in Sources */,
				D29EF7A71838B3780087B04F /* LoginViewController.m in Sources */,
				D212111C183FEF1100A2F349 /* STTwitterAPI.m in Sources */,
			);
			runOnlyForDeploymentPostprocessing = 0;
		};
		D29EF78A1838B3540087B04F /* Sources */ = {
			isa = PBXSourcesBuildPhase;
			buildActionMask = 2147483647;
			files = (
				D29EF79C1838B3540087B04F /* Savoy_SwingTests.m in Sources */,
			);
			runOnlyForDeploymentPostprocessing = 0;
		};
/* End PBXSourcesBuildPhase section */

/* Begin PBXTargetDependency section */
		D29EF7941838B3540087B04F /* PBXTargetDependency */ = {
			isa = PBXTargetDependency;
			target = D29EF7721838B3540087B04F /* Savoy Swing */;
			targetProxy = D29EF7931838B3540087B04F /* PBXContainerItemProxy */;
		};
/* End PBXTargetDependency section */

/* Begin PBXVariantGroup section */
		D29EF77F1838B3540087B04F /* InfoPlist.strings */ = {
			isa = PBXVariantGroup;
			children = (
				D29EF7801838B3540087B04F /* en */,
			);
			name = InfoPlist.strings;
			sourceTree = "<group>";
		};
		D29EF7981838B3540087B04F /* InfoPlist.strings */ = {
			isa = PBXVariantGroup;
			children = (
				D29EF7991838B3540087B04F /* en */,
			);
			name = InfoPlist.strings;
			sourceTree = "<group>";
		};
/* End PBXVariantGroup section */

/* Begin XCBuildConfiguration section */
		D29EF79D1838B3540087B04F /* Debug */ = {
			isa = XCBuildConfiguration;
			buildSettings = {
				ALWAYS_SEARCH_USER_PATHS = NO;
				ARCHS = "$(ARCHS_STANDARD_INCLUDING_64_BIT)";
				CLANG_CXX_LANGUAGE_STANDARD = "gnu++0x";
				CLANG_CXX_LIBRARY = "libc++";
				CLANG_ENABLE_MODULES = YES;
				CLANG_ENABLE_OBJC_ARC = YES;
				CLANG_WARN_BOOL_CONVERSION = YES;
				CLANG_WARN_CONSTANT_CONVERSION = YES;
				CLANG_WARN_DIRECT_OBJC_ISA_USAGE = YES_ERROR;
				CLANG_WARN_EMPTY_BODY = YES;
				CLANG_WARN_ENUM_CONVERSION = YES;
				CLANG_WARN_INT_CONVERSION = YES;
				CLANG_WARN_OBJC_ROOT_CLASS = YES_ERROR;
				CLANG_WARN__DUPLICATE_METHOD_MATCH = YES;
				"CODE_SIGN_IDENTITY[sdk=iphoneos*]" = "iPhone Developer: Steven Stevenson (G72SQQ59H2)";
				COPY_PHASE_STRIP = NO;
				GCC_C_LANGUAGE_STANDARD = gnu99;
				GCC_DYNAMIC_NO_PIC = NO;
				GCC_OPTIMIZATION_LEVEL = 0;
				GCC_PREPROCESSOR_DEFINITIONS = (
					"DEBUG=1",
					"$(inherited)",
				);
				GCC_SYMBOLS_PRIVATE_EXTERN = NO;
				GCC_WARN_64_TO_32_BIT_CONVERSION = YES;
				GCC_WARN_ABOUT_RETURN_TYPE = YES_ERROR;
				GCC_WARN_UNDECLARED_SELECTOR = YES;
				GCC_WARN_UNINITIALIZED_AUTOS = YES;
				GCC_WARN_UNUSED_FUNCTION = YES;
				GCC_WARN_UNUSED_VARIABLE = YES;
				IPHONEOS_DEPLOYMENT_TARGET = 7.0;
				ONLY_ACTIVE_ARCH = YES;
				PROVISIONING_PROFILE = "207A97A2-844D-45DB-A2C0-96998D9BC379";
				SDKROOT = iphoneos;
				TARGETED_DEVICE_FAMILY = "1,2";
				VALID_ARCHS = "armv7 armv7s";
			};
			name = Debug;
		};
		D29EF79E1838B3540087B04F /* Release */ = {
			isa = XCBuildConfiguration;
			buildSettings = {
				ALWAYS_SEARCH_USER_PATHS = NO;
				ARCHS = "$(ARCHS_STANDARD_INCLUDING_64_BIT)";
				CLANG_CXX_LANGUAGE_STANDARD = "gnu++0x";
				CLANG_CXX_LIBRARY = "libc++";
				CLANG_ENABLE_MODULES = YES;
				CLANG_ENABLE_OBJC_ARC = YES;
				CLANG_WARN_BOOL_CONVERSION = YES;
				CLANG_WARN_CONSTANT_CONVERSION = YES;
				CLANG_WARN_DIRECT_OBJC_ISA_USAGE = YES_ERROR;
				CLANG_WARN_EMPTY_BODY = YES;
				CLANG_WARN_ENUM_CONVERSION = YES;
				CLANG_WARN_INT_CONVERSION = YES;
				CLANG_WARN_OBJC_ROOT_CLASS = YES_ERROR;
				CLANG_WARN__DUPLICATE_METHOD_MATCH = YES;
				"CODE_SIGN_IDENTITY[sdk=iphoneos*]" = "iPhone Developer: Steven Stevenson (G72SQQ59H2)";
				COPY_PHASE_STRIP = YES;
				ENABLE_NS_ASSERTIONS = NO;
				GCC_C_LANGUAGE_STANDARD = gnu99;
				GCC_WARN_64_TO_32_BIT_CONVERSION = YES;
				GCC_WARN_ABOUT_RETURN_TYPE = YES_ERROR;
				GCC_WARN_UNDECLARED_SELECTOR = YES;
				GCC_WARN_UNINITIALIZED_AUTOS = YES;
				GCC_WARN_UNUSED_FUNCTION = YES;
				GCC_WARN_UNUSED_VARIABLE = YES;
				IPHONEOS_DEPLOYMENT_TARGET = 7.0;
				PROVISIONING_PROFILE = "207A97A2-844D-45DB-A2C0-96998D9BC379";
				SDKROOT = iphoneos;
				TARGETED_DEVICE_FAMILY = "1,2";
				VALIDATE_PRODUCT = YES;
				VALID_ARCHS = "armv7 armv7s";
			};
			name = Release;
		};
		D29EF7A01838B3540087B04F /* Debug */ = {
			isa = XCBuildConfiguration;
			buildSettings = {
				ASSETCATALOG_COMPILER_APPICON_NAME = AppIcon;
				ASSETCATALOG_COMPILER_LAUNCHIMAGE_NAME = LaunchImage;
				CODE_SIGN_IDENTITY = "iPhone Developer";
				"CODE_SIGN_IDENTITY[sdk=iphoneos*]" = "iPhone Developer";
				FRAMEWORK_SEARCH_PATHS = (
					"$(inherited)",
					"/Users/OmniGlot/Dropbox/Xcode\\ projects/FacebookSDK",
				);
				GCC_PRECOMPILE_PREFIX_HEADER = NO;
				GCC_PREFIX_HEADER = "Savoy Swing/Savoy Swing-Prefix.pch";
				INFOPLIST_FILE = "$(SRCROOT)/Savoy Swing/Savoy Swing-Info.plist";
				IPHONEOS_DEPLOYMENT_TARGET = 7.0;
				LIBRARY_SEARCH_PATHS = (
					"$(inherited)",
					"/Users/OmniGlot/Dropbox/Xcode\\ projects/Savoy\\ Swing/Savoy\\ Swing",
					"/Users/OmniGlot/Dropbox/Xcode\\ projects/Savoy\\ Swing/Savoy\\ Swing/Supporting\\ Files",
				);
				ONLY_ACTIVE_ARCH = NO;
				PRODUCT_NAME = "$(TARGET_NAME)";
				PROVISIONING_PROFILE = "3BFFCA49-4704-4317-9BE5-40520B8BB4FE";
				TARGETED_DEVICE_FAMILY = 1;
				USER_HEADER_SEARCH_PATHS = "/Users/OmniGlot/Dropbox/Xcode\\ projects/Savoy\\ Swing/Savoy\\ Swing/Supporting\\ Files";
				WRAPPER_EXTENSION = app;
			};
			name = Debug;
		};
		D29EF7A11838B3540087B04F /* Release */ = {
			isa = XCBuildConfiguration;
			buildSettings = {
				ASSETCATALOG_COMPILER_APPICON_NAME = AppIcon;
				ASSETCATALOG_COMPILER_LAUNCHIMAGE_NAME = LaunchImage;
				CODE_SIGN_IDENTITY = "iPhone Developer";
				"CODE_SIGN_IDENTITY[sdk=iphoneos*]" = "iPhone Developer";
				FRAMEWORK_SEARCH_PATHS = (
					"$(inherited)",
					"/Users/OmniGlot/Dropbox/Xcode\\ projects/FacebookSDK",
				);
				GCC_PRECOMPILE_PREFIX_HEADER = NO;
				GCC_PREFIX_HEADER = "Savoy Swing/Savoy Swing-Prefix.pch";
				INFOPLIST_FILE = "$(SRCROOT)/Savoy Swing/Savoy Swing-Info.plist";
				IPHONEOS_DEPLOYMENT_TARGET = 7.0;
				LIBRARY_SEARCH_PATHS = (
					"$(inherited)",
					"/Users/OmniGlot/Dropbox/Xcode\\ projects/Savoy\\ Swing/Savoy\\ Swing",
					"/Users/OmniGlot/Dropbox/Xcode\\ projects/Savoy\\ Swing/Savoy\\ Swing/Supporting\\ Files",
				);
				ONLY_ACTIVE_ARCH = NO;
				PRODUCT_NAME = "$(TARGET_NAME)";
				PROVISIONING_PROFILE = "3BFFCA49-4704-4317-9BE5-40520B8BB4FE";
				TARGETED_DEVICE_FAMILY = 1;
				USER_HEADER_SEARCH_PATHS = "/Users/OmniGlot/Dropbox/Xcode\\ projects/Savoy\\ Swing/Savoy\\ Swing/Supporting\\ Files";
				WRAPPER_EXTENSION = app;
			};
			name = Release;
		};
		D29EF7A31838B3540087B04F /* Debug */ = {
			isa = XCBuildConfiguration;
			buildSettings = {
				ARCHS = "$(ARCHS_STANDARD_INCLUDING_64_BIT)";
				BUNDLE_LOADER = "$(BUILT_PRODUCTS_DIR)/Savoy Swing.app/Savoy Swing";
				FRAMEWORK_SEARCH_PATHS = (
					"$(SDKROOT)/Developer/Library/Frameworks",
					"$(inherited)",
					"$(DEVELOPER_FRAMEWORKS_DIR)",
				);
				GCC_PRECOMPILE_PREFIX_HEADER = YES;
				GCC_PREFIX_HEADER = "Savoy Swing/Savoy Swing-Prefix.pch";
				GCC_PREPROCESSOR_DEFINITIONS = (
					"DEBUG=1",
					"$(inherited)",
				);
				INFOPLIST_FILE = "Savoy SwingTests/Savoy SwingTests-Info.plist";
				PRODUCT_NAME = "$(TARGET_NAME)";
				TEST_HOST = "$(BUNDLE_LOADER)";
				WRAPPER_EXTENSION = xctest;
			};
			name = Debug;
		};
		D29EF7A41838B3540087B04F /* Release */ = {
			isa = XCBuildConfiguration;
			buildSettings = {
				ARCHS = "$(ARCHS_STANDARD_INCLUDING_64_BIT)";
				BUNDLE_LOADER = "$(BUILT_PRODUCTS_DIR)/Savoy Swing.app/Savoy Swing";
				FRAMEWORK_SEARCH_PATHS = (
					"$(SDKROOT)/Developer/Library/Frameworks",
					"$(inherited)",
					"$(DEVELOPER_FRAMEWORKS_DIR)",
				);
				GCC_PRECOMPILE_PREFIX_HEADER = YES;
				GCC_PREFIX_HEADER = "Savoy Swing/Savoy Swing-Prefix.pch";
				INFOPLIST_FILE = "Savoy SwingTests/Savoy SwingTests-Info.plist";
				PRODUCT_NAME = "$(TARGET_NAME)";
				TEST_HOST = "$(BUNDLE_LOADER)";
				WRAPPER_EXTENSION = xctest;
			};
			name = Release;
		};
/* End XCBuildConfiguration section */

/* Begin XCConfigurationList section */
		D29EF76E1838B3540087B04F /* Build configuration list for PBXProject "Savoy Swing" */ = {
			isa = XCConfigurationList;
			buildConfigurations = (
				D29EF79D1838B3540087B04F /* Debug */,
				D29EF79E1838B3540087B04F /* Release */,
			);
			defaultConfigurationIsVisible = 0;
			defaultConfigurationName = Release;
		};
		D29EF79F1838B3540087B04F /* Build configuration list for PBXNativeTarget "Savoy Swing" */ = {
			isa = XCConfigurationList;
			buildConfigurations = (
				D29EF7A01838B3540087B04F /* Debug */,
				D29EF7A11838B3540087B04F /* Release */,
			);
			defaultConfigurationIsVisible = 0;
			defaultConfigurationName = Release;
		};
		D29EF7A21838B3540087B04F /* Build configuration list for PBXNativeTarget "Savoy SwingTests" */ = {
			isa = XCConfigurationList;
			buildConfigurations = (
				D29EF7A31838B3540087B04F /* Debug */,
				D29EF7A41838B3540087B04F /* Release */,
			);
			defaultConfigurationIsVisible = 0;
			defaultConfigurationName = Release;
		};
/* End XCConfigurationList section */
	};
	rootObject = D29EF76B1838B3540087B04F /* Project object */;
}
